<?xml version="1.0" encoding="UTF-8"?>
<!DOCTYPE plist PUBLIC "-//Apple//DTD PLIST 1.0//EN" "http://www.apple.com/DTDs/PropertyList-1.0.dtd">
<plist version="1.0">
<dict>
	<key>archiveVersion</key>
	<string>1</string>
	<key>classes</key>
	<dict/>
	<key>objectVersion</key>
	<string>46</string>
	<key>objects</key>
	<dict>
		<key>0352B23CC8A11770EAA33284</key>
		<dict>
			<key>children</key>
			<array>
				<string>FF37455B341796F9FFAE0426</string>
			</array>
			<key>isa</key>
			<string>PBXGroup</string>
			<key>name</key>
			<string>Frameworks</string>
			<key>sourceTree</key>
			<string>&lt;group&gt;</string>
		</dict>
		<key>2AB6DC93904704447952409D</key>
		<dict>
			<key>buildActionMask</key>
			<string>2147483647</string>
			<key>files</key>
			<array/>
			<key>inputPaths</key>
			<array/>
			<key>isa</key>
			<string>PBXShellScriptBuildPhase</string>
			<key>name</key>
			<string>[CP] Copy Pods Resources</string>
			<key>outputPaths</key>
			<array/>
			<key>runOnlyForDeploymentPostprocessing</key>
			<string>0</string>
			<key>shellPath</key>
			<string>/bin/sh</string>
			<key>shellScript</key>
			<string>"${SRCROOT}/Pods/Target Support Files/Pods-lianwangke_swift/Pods-lianwangke_swift-resources.sh"
</string>
			<key>showEnvVarsInLog</key>
			<string>0</string>
		</dict>
		<key>2B3600F19098461B7BEB75A7</key>
		<dict>
			<key>includeInIndex</key>
			<string>1</string>
			<key>isa</key>
			<string>PBXFileReference</string>
			<key>lastKnownFileType</key>
			<string>text.xcconfig</string>
			<key>name</key>
			<string>Pods-lianwangke_swift.debug.xcconfig</string>
			<key>path</key>
			<string>Pods/Target Support Files/Pods-lianwangke_swift/Pods-lianwangke_swift.debug.xcconfig</string>
			<key>sourceTree</key>
			<string>&lt;group&gt;</string>
		</dict>
		<key>3D0901011D4B375000B8F3B6</key>
		<dict>
			<key>children</key>
			<array/>
			<key>isa</key>
			<string>PBXGroup</string>
			<key>path</key>
			<string>Alamofire</string>
			<key>sourceTree</key>
			<string>&lt;group&gt;</string>
		</dict>
		<key>3D0901F21D4B398800B8F3B6</key>
		<dict>
			<key>buildActionMask</key>
			<string>2147483647</string>
			<key>dstPath</key>
			<string></string>
			<key>dstSubfolderSpec</key>
			<string>10</string>
			<key>files</key>
			<array/>
			<key>isa</key>
			<string>PBXCopyFilesBuildPhase</string>
			<key>name</key>
			<string>Embed Frameworks</string>
			<key>runOnlyForDeploymentPostprocessing</key>
			<string>0</string>
		</dict>
		<key>3D09041A1D4F47F300B8F3B6</key>
		<dict>
			<key>fileEncoding</key>
			<string>4</string>
			<key>isa</key>
			<string>PBXFileReference</string>
			<key>lastKnownFileType</key>
			<string>sourcecode.swift</string>
			<key>path</key>
			<string>Test.swift</string>
			<key>sourceTree</key>
			<string>&lt;group&gt;</string>
		</dict>
		<key>3D09041B1D4F47F300B8F3B6</key>
		<dict>
			<key>fileRef</key>
			<string>3D09041A1D4F47F300B8F3B6</string>
			<key>isa</key>
			<string>PBXBuildFile</string>
		</dict>
		<key>3D0904251D4F4AB800B8F3B6</key>
		<dict>
			<key>fileEncoding</key>
			<string>4</string>
			<key>isa</key>
			<string>PBXFileReference</string>
			<key>lastKnownFileType</key>
			<string>sourcecode.swift</string>
			<key>path</key>
			<string>LWKapi.swift</string>
			<key>sourceTree</key>
			<string>&lt;group&gt;</string>
		</dict>
		<key>3D0904261D4F4AB800B8F3B6</key>
		<dict>
			<key>fileRef</key>
			<string>3D0904251D4F4AB800B8F3B6</string>
			<key>isa</key>
			<string>PBXBuildFile</string>
		</dict>
		<key>3DB2F74A1C3BA49800B62CD6</key>
		<dict>
			<key>children</key>
			<array>
				<string>3DD79EC61D3C884700271049</string>
				<string>3DD79EC21D3C844D00271049</string>
				<string>3DB2F7551C3BA49800B62CD6</string>
				<string>3DB2F76A1C3BA49800B62CD6</string>
				<string>3DB2F7751C3BA49800B62CD6</string>
				<string>3DB2F7541C3BA49800B62CD6</string>
				<string>472A9791655FD7137FD8F34E</string>
				<string>0352B23CC8A11770EAA33284</string>
			</array>
			<key>isa</key>
			<string>PBXGroup</string>
			<key>sourceTree</key>
			<string>&lt;group&gt;</string>
		</dict>
		<key>3DB2F74B1C3BA49800B62CD6</key>
		<dict>
			<key>attributes</key>
			<dict>
				<key>LastSwiftUpdateCheck</key>
				<string>0730</string>
				<key>LastUpgradeCheck</key>
				<string>0720</string>
				<key>ORGANIZATIONNAME</key>
				<string>&#26472;&#26143;</string>
				<key>TargetAttributes</key>
				<dict>
					<key>3DB2F7521C3BA49800B62CD6</key>
					<dict>
						<key>CreatedOnToolsVersion</key>
						<string>7.2</string>
						<key>DevelopmentTeam</key>
						<string>J7996KT2B6</string>
						<key>LastSwiftMigration</key>
						<string>0800</string>
					</dict>
					<key>3DB2F7661C3BA49800B62CD6</key>
					<dict>
						<key>CreatedOnToolsVersion</key>
						<string>7.2</string>
						<key>LastSwiftMigration</key>
						<string>0800</string>
						<key>TestTargetID</key>
						<string>3DB2F7521C3BA49800B62CD6</string>
					</dict>
					<key>3DB2F7711C3BA49800B62CD6</key>
					<dict>
						<key>CreatedOnToolsVersion</key>
						<string>7.2</string>
						<key>LastSwiftMigration</key>
						<string>0800</string>
						<key>TestTargetID</key>
						<string>3DB2F7521C3BA49800B62CD6</string>
					</dict>
				</dict>
			</dict>
			<key>buildConfigurationList</key>
			<string>3DB2F74E1C3BA49800B62CD6</string>
			<key>compatibilityVersion</key>
			<string>Xcode 3.2</string>
			<key>developmentRegion</key>
			<string>English</string>
			<key>hasScannedForEncodings</key>
			<string>0</string>
			<key>isa</key>
			<string>PBXProject</string>
			<key>knownRegions</key>
			<array>
				<string>en</string>
				<string>Base</string>
			</array>
			<key>mainGroup</key>
			<string>3DB2F74A1C3BA49800B62CD6</string>
			<key>productRefGroup</key>
			<string>3DB2F7541C3BA49800B62CD6</string>
			<key>projectDirPath</key>
			<string></string>
			<key>projectReferences</key>
			<array/>
			<key>projectRoot</key>
			<string></string>
			<key>targets</key>
			<array>
				<string>3DB2F7521C3BA49800B62CD6</string>
				<string>3DB2F7661C3BA49800B62CD6</string>
				<string>3DB2F7711C3BA49800B62CD6</string>
			</array>
		</dict>
		<key>3DB2F74E1C3BA49800B62CD6</key>
		<dict>
			<key>buildConfigurations</key>
			<array>
				<string>3DB2F7791C3BA49800B62CD6</string>
				<string>3DB2F77A1C3BA49800B62CD6</string>
			</array>
			<key>defaultConfigurationIsVisible</key>
			<string>0</string>
			<key>defaultConfigurationName</key>
			<string>Release</string>
			<key>isa</key>
			<string>XCConfigurationList</string>
		</dict>
		<key>3DB2F74F1C3BA49800B62CD6</key>
		<dict>
			<key>buildActionMask</key>
			<string>2147483647</string>
			<key>files</key>
			<array>
				<string>3DD79D7A1D2CA0E400271049</string>
				<string>3DD79E131D35DFE100271049</string>
				<string>3DD79E0C1D35DFAD00271049</string>
				<string>3DD79EA41D3C5F0900271049</string>
				<string>3DD79E021D35DDDF00271049</string>
				<string>3D09041B1D4F47F300B8F3B6</string>
				<string>3DD79DAF1D2E7B1C00271049</string>
				<string>3DD79DB31D2F34D100271049</string>
				<string>3DD79E081D35DF9B00271049</string>
				<string>3DD79DF61D35CE5400271049</string>
				<string>3DD79D7F1D2CD3F300271049</string>
				<string>3DB2F7591C3BA49800B62CD6</string>
				<string>3DD79ED71D3CD92700271049</string>
				<string>3DD79E051D35DDFA00271049</string>
				<string>3DD79E101D35DFC400271049</string>
				<string>3DD79D6C1D2C9E9100271049</string>
				<string>3DD79D781D2C9F2A00271049</string>
				<string>3DD79D761D2C9F1E00271049</string>
				<string>3D0904261D4F4AB800B8F3B6</string>
				<string>3DD79DF21D35CDEB00271049</string>
				<string>3DD79D721D2C9F0500271049</string>
				<string>3DB2F7571C3BA49800B62CD6</string>
				<string>3DD79D741D2C9F1200271049</string>
				<string>3DD79DAE1D2E7B1C00271049</string>
				<string>3DD79EC51D3C85CC00271049</string>
			</array>
			<key>isa</key>
			<string>PBXSourcesBuildPhase</string>
			<key>runOnlyForDeploymentPostprocessing</key>
			<string>0</string>
		</dict>
		<key>3DB2F7501C3BA49800B62CD6</key>
		<dict>
			<key>buildActionMask</key>
			<string>2147483647</string>
			<key>files</key>
			<array>
				<string>3DD79EC11D3C844100271049</string>
				<string>3DD79EBF1D3C843700271049</string>
				<string>3DD79ECD1D3C967000271049</string>
				<string>3DD79EBD1D3C842200271049</string>
				<string>3DD79EBB1D3C841500271049</string>
				<string>3DD79EB91D3C840A00271049</string>
				<string>3DD79EB71D3C840000271049</string>
				<string>3DD79EB51D3C83F700271049</string>
				<string>3DD79EB31D3C83EF00271049</string>
				<string>3DD79EB11D3C83E500271049</string>
				<string>3DD79EAF1D3C83DC00271049</string>
				<string>3DD79EAD1D3C83D300271049</string>
				<string>3DD79EAB1D3C83C900271049</string>
				<string>3DD79EA71D3C80B600271049</string>
				<string>88C3117884F80D26028A1931</string>
			</array>
			<key>isa</key>
			<string>PBXFrameworksBuildPhase</string>
			<key>runOnlyForDeploymentPostprocessing</key>
			<string>0</string>
		</dict>
		<key>3DB2F7511C3BA49800B62CD6</key>
		<dict>
			<key>buildActionMask</key>
			<string>2147483647</string>
			<key>files</key>
			<array>
				<string>3DD79ECF1D3C968A00271049</string>
				<string>3DB2F7611C3BA49800B62CD6</string>
				<string>3DB2F75E1C3BA49800B62CD6</string>
				<string>3DD79E111D35DFC400271049</string>
				<string>3DD79ED81D3CD92700271049</string>
				<string>3DD79DF71D35CE5400271049</string>
				<string>3DD79DB41D2F34D100271049</string>
				<string>3DD79E0D1D35DFAD00271049</string>
				<string>3DD79E091D35DF9B00271049</string>
				<string>3DB2F75C1C3BA49800B62CD6</string>
			</array>
			<key>isa</key>
			<string>PBXResourcesBuildPhase</string>
			<key>runOnlyForDeploymentPostprocessing</key>
			<string>0</string>
		</dict>
		<key>3DB2F7521C3BA49800B62CD6</key>
		<dict>
			<key>buildConfigurationList</key>
			<string>3DB2F77B1C3BA49800B62CD6</string>
			<key>buildPhases</key>
			<array>
				<string>DF6E07FF74CFA801FB69F558</string>
				<string>3DB2F74F1C3BA49800B62CD6</string>
				<string>3DB2F7501C3BA49800B62CD6</string>
				<string>3DB2F7511C3BA49800B62CD6</string>
				<string>3D0901F21D4B398800B8F3B6</string>
				<string>6156DE856B78484E8D3F81D5</string>
				<string>2AB6DC93904704447952409D</string>
			</array>
			<key>buildRules</key>
			<array/>
			<key>dependencies</key>
			<array/>
			<key>isa</key>
			<string>PBXNativeTarget</string>
			<key>name</key>
			<string>lianwangke_swift</string>
			<key>productName</key>
			<string>lianwangke_swift</string>
			<key>productReference</key>
			<string>3DB2F7531C3BA49800B62CD6</string>
			<key>productType</key>
			<string>com.apple.product-type.application</string>
		</dict>
		<key>3DB2F7531C3BA49800B62CD6</key>
		<dict>
			<key>explicitFileType</key>
			<string>wrapper.application</string>
			<key>includeInIndex</key>
			<string>0</string>
			<key>isa</key>
			<string>PBXFileReference</string>
			<key>path</key>
			<string>lianwangke_swift.app</string>
			<key>sourceTree</key>
			<string>BUILT_PRODUCTS_DIR</string>
		</dict>
		<key>3DB2F7541C3BA49800B62CD6</key>
		<dict>
			<key>children</key>
			<array>
				<string>3DB2F7531C3BA49800B62CD6</string>
				<string>3DB2F7671C3BA49800B62CD6</string>
				<string>3DB2F7721C3BA49800B62CD6</string>
			</array>
			<key>isa</key>
			<string>PBXGroup</string>
			<key>name</key>
			<string>Products</string>
			<key>sourceTree</key>
			<string>&lt;group&gt;</string>
		</dict>
		<key>3DB2F7551C3BA49800B62CD6</key>
		<dict>
			<key>children</key>
			<array>
				<string>3DD79EA01D3C5EE900271049</string>
				<string>3DD79D6A1D2C9E6A00271049</string>
				<string>3DD79D691D2C9E5900271049</string>
				<string>3DD79D681D2C9E3C00271049</string>
				<string>3DD79D671D2C9E2900271049</string>
				<string>3DD79D661D2C9E1800271049</string>
				<string>3DD79D651D2C9E0E00271049</string>
				<string>3DB2F7561C3BA49800B62CD6</string>
				<string>3DB2F7581C3BA49800B62CD6</string>
				<string>3DB2F75A1C3BA49800B62CD6</string>
				<string>3DB2F75D1C3BA49800B62CD6</string>
				<string>3DB2F75F1C3BA49800B62CD6</string>
				<string>3DB2F7621C3BA49800B62CD6</string>
			</array>
			<key>isa</key>
			<string>PBXGroup</string>
			<key>path</key>
			<string>lianwangke_swift</string>
			<key>sourceTree</key>
			<string>&lt;group&gt;</string>
		</dict>
		<key>3DB2F7561C3BA49800B62CD6</key>
		<dict>
			<key>isa</key>
			<string>PBXFileReference</string>
			<key>lastKnownFileType</key>
			<string>sourcecode.swift</string>
			<key>path</key>
			<string>AppDelegate.swift</string>
			<key>sourceTree</key>
			<string>&lt;group&gt;</string>
		</dict>
		<key>3DB2F7571C3BA49800B62CD6</key>
		<dict>
			<key>fileRef</key>
			<string>3DB2F7561C3BA49800B62CD6</string>
			<key>isa</key>
			<string>PBXBuildFile</string>
		</dict>
		<key>3DB2F7581C3BA49800B62CD6</key>
		<dict>
			<key>isa</key>
			<string>PBXFileReference</string>
			<key>lastKnownFileType</key>
			<string>sourcecode.swift</string>
			<key>path</key>
			<string>ViewController.swift</string>
			<key>sourceTree</key>
			<string>&lt;group&gt;</string>
		</dict>
		<key>3DB2F7591C3BA49800B62CD6</key>
		<dict>
			<key>fileRef</key>
			<string>3DB2F7581C3BA49800B62CD6</string>
			<key>isa</key>
			<string>PBXBuildFile</string>
		</dict>
		<key>3DB2F75A1C3BA49800B62CD6</key>
		<dict>
			<key>children</key>
			<array>
				<string>3DB2F75B1C3BA49800B62CD6</string>
			</array>
			<key>isa</key>
			<string>PBXVariantGroup</string>
			<key>name</key>
			<string>Main.storyboard</string>
			<key>sourceTree</key>
			<string>&lt;group&gt;</string>
		</dict>
		<key>3DB2F75B1C3BA49800B62CD6</key>
		<dict>
			<key>isa</key>
			<string>PBXFileReference</string>
			<key>lastKnownFileType</key>
			<string>file.storyboard</string>
			<key>name</key>
			<string>Base</string>
			<key>path</key>
			<string>Base.lproj/Main.storyboard</string>
			<key>sourceTree</key>
			<string>&lt;group&gt;</string>
		</dict>
		<key>3DB2F75C1C3BA49800B62CD6</key>
		<dict>
			<key>fileRef</key>
			<string>3DB2F75A1C3BA49800B62CD6</string>
			<key>isa</key>
			<string>PBXBuildFile</string>
		</dict>
		<key>3DB2F75D1C3BA49800B62CD6</key>
		<dict>
			<key>isa</key>
			<string>PBXFileReference</string>
			<key>lastKnownFileType</key>
			<string>folder.assetcatalog</string>
			<key>path</key>
			<string>Assets.xcassets</string>
			<key>sourceTree</key>
			<string>&lt;group&gt;</string>
		</dict>
		<key>3DB2F75E1C3BA49800B62CD6</key>
		<dict>
			<key>fileRef</key>
			<string>3DB2F75D1C3BA49800B62CD6</string>
			<key>isa</key>
			<string>PBXBuildFile</string>
		</dict>
		<key>3DB2F75F1C3BA49800B62CD6</key>
		<dict>
			<key>children</key>
			<array>
				<string>3DB2F7601C3BA49800B62CD6</string>
			</array>
			<key>isa</key>
			<string>PBXVariantGroup</string>
			<key>name</key>
			<string>LaunchScreen.storyboard</string>
			<key>sourceTree</key>
			<string>&lt;group&gt;</string>
		</dict>
		<key>3DB2F7601C3BA49800B62CD6</key>
		<dict>
			<key>isa</key>
			<string>PBXFileReference</string>
			<key>lastKnownFileType</key>
			<string>file.storyboard</string>
			<key>name</key>
			<string>Base</string>
			<key>path</key>
			<string>Base.lproj/LaunchScreen.storyboard</string>
			<key>sourceTree</key>
			<string>&lt;group&gt;</string>
		</dict>
		<key>3DB2F7611C3BA49800B62CD6</key>
		<dict>
			<key>fileRef</key>
			<string>3DB2F75F1C3BA49800B62CD6</string>
			<key>isa</key>
			<string>PBXBuildFile</string>
		</dict>
		<key>3DB2F7621C3BA49800B62CD6</key>
		<dict>
			<key>isa</key>
			<string>PBXFileReference</string>
			<key>lastKnownFileType</key>
			<string>text.plist.xml</string>
			<key>path</key>
			<string>Info.plist</string>
			<key>sourceTree</key>
			<string>&lt;group&gt;</string>
		</dict>
		<key>3DB2F7631C3BA49800B62CD6</key>
		<dict>
			<key>buildActionMask</key>
			<string>2147483647</string>
			<key>files</key>
			<array>
				<string>3DB2F76C1C3BA49800B62CD6</string>
			</array>
			<key>isa</key>
			<string>PBXSourcesBuildPhase</string>
			<key>runOnlyForDeploymentPostprocessing</key>
			<string>0</string>
		</dict>
		<key>3DB2F7641C3BA49800B62CD6</key>
		<dict>
			<key>buildActionMask</key>
			<string>2147483647</string>
			<key>files</key>
			<array/>
			<key>isa</key>
			<string>PBXFrameworksBuildPhase</string>
			<key>runOnlyForDeploymentPostprocessing</key>
			<string>0</string>
		</dict>
		<key>3DB2F7651C3BA49800B62CD6</key>
		<dict>
			<key>buildActionMask</key>
			<string>2147483647</string>
			<key>files</key>
			<array/>
			<key>isa</key>
			<string>PBXResourcesBuildPhase</string>
			<key>runOnlyForDeploymentPostprocessing</key>
			<string>0</string>
		</dict>
		<key>3DB2F7661C3BA49800B62CD6</key>
		<dict>
			<key>buildConfigurationList</key>
			<string>3DB2F77E1C3BA49800B62CD6</string>
			<key>buildPhases</key>
			<array>
				<string>3DB2F7631C3BA49800B62CD6</string>
				<string>3DB2F7641C3BA49800B62CD6</string>
				<string>3DB2F7651C3BA49800B62CD6</string>
			</array>
			<key>buildRules</key>
			<array/>
			<key>dependencies</key>
			<array>
				<string>3DB2F7691C3BA49800B62CD6</string>
			</array>
			<key>isa</key>
			<string>PBXNativeTarget</string>
			<key>name</key>
			<string>lianwangke_swiftTests</string>
			<key>productName</key>
			<string>lianwangke_swiftTests</string>
			<key>productReference</key>
			<string>3DB2F7671C3BA49800B62CD6</string>
			<key>productType</key>
			<string>com.apple.product-type.bundle.unit-test</string>
		</dict>
		<key>3DB2F7671C3BA49800B62CD6</key>
		<dict>
			<key>explicitFileType</key>
			<string>wrapper.cfbundle</string>
			<key>includeInIndex</key>
			<string>0</string>
			<key>isa</key>
			<string>PBXFileReference</string>
			<key>path</key>
			<string>lianwangke_swiftTests.xctest</string>
			<key>sourceTree</key>
			<string>BUILT_PRODUCTS_DIR</string>
		</dict>
		<key>3DB2F7681C3BA49800B62CD6</key>
		<dict>
			<key>containerPortal</key>
			<string>3DB2F74B1C3BA49800B62CD6</string>
			<key>isa</key>
			<string>PBXContainerItemProxy</string>
			<key>proxyType</key>
			<string>1</string>
			<key>remoteGlobalIDString</key>
			<string>3DB2F7521C3BA49800B62CD6</string>
			<key>remoteInfo</key>
			<string>lianwangke_swift</string>
		</dict>
		<key>3DB2F7691C3BA49800B62CD6</key>
		<dict>
			<key>isa</key>
			<string>PBXTargetDependency</string>
			<key>target</key>
			<string>3DB2F7521C3BA49800B62CD6</string>
			<key>targetProxy</key>
			<string>3DB2F7681C3BA49800B62CD6</string>
		</dict>
		<key>3DB2F76A1C3BA49800B62CD6</key>
		<dict>
			<key>children</key>
			<array>
				<string>3DB2F76B1C3BA49800B62CD6</string>
				<string>3DB2F76D1C3BA49800B62CD6</string>
			</array>
			<key>isa</key>
			<string>PBXGroup</string>
			<key>path</key>
			<string>lianwangke_swiftTests</string>
			<key>sourceTree</key>
			<string>&lt;group&gt;</string>
		</dict>
		<key>3DB2F76B1C3BA49800B62CD6</key>
		<dict>
			<key>isa</key>
			<string>PBXFileReference</string>
			<key>lastKnownFileType</key>
			<string>sourcecode.swift</string>
			<key>path</key>
			<string>lianwangke_swiftTests.swift</string>
			<key>sourceTree</key>
			<string>&lt;group&gt;</string>
		</dict>
		<key>3DB2F76C1C3BA49800B62CD6</key>
		<dict>
			<key>fileRef</key>
			<string>3DB2F76B1C3BA49800B62CD6</string>
			<key>isa</key>
			<string>PBXBuildFile</string>
		</dict>
		<key>3DB2F76D1C3BA49800B62CD6</key>
		<dict>
			<key>isa</key>
			<string>PBXFileReference</string>
			<key>lastKnownFileType</key>
			<string>text.plist.xml</string>
			<key>path</key>
			<string>Info.plist</string>
			<key>sourceTree</key>
			<string>&lt;group&gt;</string>
		</dict>
		<key>3DB2F76E1C3BA49800B62CD6</key>
		<dict>
			<key>buildActionMask</key>
			<string>2147483647</string>
			<key>files</key>
			<array>
				<string>3DB2F7771C3BA49800B62CD6</string>
			</array>
			<key>isa</key>
			<string>PBXSourcesBuildPhase</string>
			<key>runOnlyForDeploymentPostprocessing</key>
			<string>0</string>
		</dict>
		<key>3DB2F76F1C3BA49800B62CD6</key>
		<dict>
			<key>buildActionMask</key>
			<string>2147483647</string>
			<key>files</key>
			<array/>
			<key>isa</key>
			<string>PBXFrameworksBuildPhase</string>
			<key>runOnlyForDeploymentPostprocessing</key>
			<string>0</string>
		</dict>
		<key>3DB2F7701C3BA49800B62CD6</key>
		<dict>
			<key>buildActionMask</key>
			<string>2147483647</string>
			<key>files</key>
			<array/>
			<key>isa</key>
			<string>PBXResourcesBuildPhase</string>
			<key>runOnlyForDeploymentPostprocessing</key>
			<string>0</string>
		</dict>
		<key>3DB2F7711C3BA49800B62CD6</key>
		<dict>
			<key>buildConfigurationList</key>
			<string>3DB2F7811C3BA49800B62CD6</string>
			<key>buildPhases</key>
			<array>
				<string>3DB2F76E1C3BA49800B62CD6</string>
				<string>3DB2F76F1C3BA49800B62CD6</string>
				<string>3DB2F7701C3BA49800B62CD6</string>
			</array>
			<key>buildRules</key>
			<array/>
			<key>dependencies</key>
			<array>
				<string>3DB2F7741C3BA49800B62CD6</string>
			</array>
			<key>isa</key>
			<string>PBXNativeTarget</string>
			<key>name</key>
			<string>lianwangke_swiftUITests</string>
			<key>productName</key>
			<string>lianwangke_swiftUITests</string>
			<key>productReference</key>
			<string>3DB2F7721C3BA49800B62CD6</string>
			<key>productType</key>
			<string>com.apple.product-type.bundle.ui-testing</string>
		</dict>
		<key>3DB2F7721C3BA49800B62CD6</key>
		<dict>
			<key>explicitFileType</key>
			<string>wrapper.cfbundle</string>
			<key>includeInIndex</key>
			<string>0</string>
			<key>isa</key>
			<string>PBXFileReference</string>
			<key>path</key>
			<string>lianwangke_swiftUITests.xctest</string>
			<key>sourceTree</key>
			<string>BUILT_PRODUCTS_DIR</string>
		</dict>
		<key>3DB2F7731C3BA49800B62CD6</key>
		<dict>
			<key>containerPortal</key>
			<string>3DB2F74B1C3BA49800B62CD6</string>
			<key>isa</key>
			<string>PBXContainerItemProxy</string>
			<key>proxyType</key>
			<string>1</string>
			<key>remoteGlobalIDString</key>
			<string>3DB2F7521C3BA49800B62CD6</string>
			<key>remoteInfo</key>
			<string>lianwangke_swift</string>
		</dict>
		<key>3DB2F7741C3BA49800B62CD6</key>
		<dict>
			<key>isa</key>
			<string>PBXTargetDependency</string>
			<key>target</key>
			<string>3DB2F7521C3BA49800B62CD6</string>
			<key>targetProxy</key>
			<string>3DB2F7731C3BA49800B62CD6</string>
		</dict>
		<key>3DB2F7751C3BA49800B62CD6</key>
		<dict>
			<key>children</key>
			<array>
				<string>3DB2F7761C3BA49800B62CD6</string>
				<string>3DB2F7781C3BA49800B62CD6</string>
			</array>
			<key>isa</key>
			<string>PBXGroup</string>
			<key>path</key>
			<string>lianwangke_swiftUITests</string>
			<key>sourceTree</key>
			<string>&lt;group&gt;</string>
		</dict>
		<key>3DB2F7761C3BA49800B62CD6</key>
		<dict>
			<key>isa</key>
			<string>PBXFileReference</string>
			<key>lastKnownFileType</key>
			<string>sourcecode.swift</string>
			<key>path</key>
			<string>lianwangke_swiftUITests.swift</string>
			<key>sourceTree</key>
			<string>&lt;group&gt;</string>
		</dict>
		<key>3DB2F7771C3BA49800B62CD6</key>
		<dict>
			<key>fileRef</key>
			<string>3DB2F7761C3BA49800B62CD6</string>
			<key>isa</key>
			<string>PBXBuildFile</string>
		</dict>
		<key>3DB2F7781C3BA49800B62CD6</key>
		<dict>
			<key>isa</key>
			<string>PBXFileReference</string>
			<key>lastKnownFileType</key>
			<string>text.plist.xml</string>
			<key>path</key>
			<string>Info.plist</string>
			<key>sourceTree</key>
			<string>&lt;group&gt;</string>
		</dict>
		<key>3DB2F7791C3BA49800B62CD6</key>
		<dict>
			<key>buildSettings</key>
			<dict>
				<key>ALWAYS_SEARCH_USER_PATHS</key>
				<string>NO</string>
				<key>CLANG_CXX_LANGUAGE_STANDARD</key>
				<string>gnu++0x</string>
				<key>CLANG_CXX_LIBRARY</key>
				<string>libc++</string>
				<key>CLANG_ENABLE_MODULES</key>
				<string>YES</string>
				<key>CLANG_ENABLE_OBJC_ARC</key>
				<string>YES</string>
				<key>CLANG_WARN_BOOL_CONVERSION</key>
				<string>YES</string>
				<key>CLANG_WARN_CONSTANT_CONVERSION</key>
				<string>YES</string>
				<key>CLANG_WARN_DIRECT_OBJC_ISA_USAGE</key>
				<string>YES_ERROR</string>
				<key>CLANG_WARN_EMPTY_BODY</key>
				<string>YES</string>
				<key>CLANG_WARN_ENUM_CONVERSION</key>
				<string>YES</string>
				<key>CLANG_WARN_INT_CONVERSION</key>
				<string>YES</string>
				<key>CLANG_WARN_OBJC_ROOT_CLASS</key>
				<string>YES_ERROR</string>
				<key>CLANG_WARN_UNREACHABLE_CODE</key>
				<string>YES</string>
				<key>CLANG_WARN__DUPLICATE_METHOD_MATCH</key>
				<string>YES</string>
				<key>CODE_SIGN_IDENTITY[sdk=iphoneos*]</key>
				<string>iPhone Developer</string>
				<key>COPY_PHASE_STRIP</key>
				<string>NO</string>
				<key>DEBUG_INFORMATION_FORMAT</key>
				<string>dwarf</string>
				<key>ENABLE_STRICT_OBJC_MSGSEND</key>
				<string>YES</string>
				<key>ENABLE_TESTABILITY</key>
				<string>YES</string>
				<key>GCC_C_LANGUAGE_STANDARD</key>
				<string>gnu99</string>
				<key>GCC_DYNAMIC_NO_PIC</key>
				<string>NO</string>
				<key>GCC_NO_COMMON_BLOCKS</key>
				<string>YES</string>
				<key>GCC_OPTIMIZATION_LEVEL</key>
				<string>0</string>
				<key>GCC_PREPROCESSOR_DEFINITIONS</key>
				<array>
					<string>DEBUG=1</string>
					<string>$(inherited)</string>
				</array>
				<key>GCC_WARN_64_TO_32_BIT_CONVERSION</key>
				<string>YES</string>
				<key>GCC_WARN_ABOUT_RETURN_TYPE</key>
				<string>YES_ERROR</string>
				<key>GCC_WARN_UNDECLARED_SELECTOR</key>
				<string>YES</string>
				<key>GCC_WARN_UNINITIALIZED_AUTOS</key>
				<string>YES_AGGRESSIVE</string>
				<key>GCC_WARN_UNUSED_FUNCTION</key>
				<string>YES</string>
				<key>GCC_WARN_UNUSED_VARIABLE</key>
				<string>YES</string>
				<key>IPHONEOS_DEPLOYMENT_TARGET</key>
				<string>9.2</string>
				<key>MTL_ENABLE_DEBUG_INFO</key>
				<string>YES</string>
				<key>ONLY_ACTIVE_ARCH</key>
				<string>YES</string>
				<key>SDKROOT</key>
				<string>iphoneos</string>
				<key>SWIFT_OPTIMIZATION_LEVEL</key>
				<string>-Onone</string>
			</dict>
			<key>isa</key>
			<string>XCBuildConfiguration</string>
			<key>name</key>
			<string>Debug</string>
		</dict>
		<key>3DB2F77A1C3BA49800B62CD6</key>
		<dict>
			<key>buildSettings</key>
			<dict>
				<key>ALWAYS_SEARCH_USER_PATHS</key>
				<string>NO</string>
				<key>CLANG_CXX_LANGUAGE_STANDARD</key>
				<string>gnu++0x</string>
				<key>CLANG_CXX_LIBRARY</key>
				<string>libc++</string>
				<key>CLANG_ENABLE_MODULES</key>
				<string>YES</string>
				<key>CLANG_ENABLE_OBJC_ARC</key>
				<string>YES</string>
				<key>CLANG_WARN_BOOL_CONVERSION</key>
				<string>YES</string>
				<key>CLANG_WARN_CONSTANT_CONVERSION</key>
				<string>YES</string>
				<key>CLANG_WARN_DIRECT_OBJC_ISA_USAGE</key>
				<string>YES_ERROR</string>
				<key>CLANG_WARN_EMPTY_BODY</key>
				<string>YES</string>
				<key>CLANG_WARN_ENUM_CONVERSION</key>
				<string>YES</string>
				<key>CLANG_WARN_INT_CONVERSION</key>
				<string>YES</string>
				<key>CLANG_WARN_OBJC_ROOT_CLASS</key>
				<string>YES_ERROR</string>
				<key>CLANG_WARN_UNREACHABLE_CODE</key>
				<string>YES</string>
				<key>CLANG_WARN__DUPLICATE_METHOD_MATCH</key>
				<string>YES</string>
				<key>CODE_SIGN_IDENTITY[sdk=iphoneos*]</key>
				<string>iPhone Developer</string>
				<key>COPY_PHASE_STRIP</key>
				<string>NO</string>
				<key>DEBUG_INFORMATION_FORMAT</key>
				<string>dwarf-with-dsym</string>
				<key>ENABLE_NS_ASSERTIONS</key>
				<string>NO</string>
				<key>ENABLE_STRICT_OBJC_MSGSEND</key>
				<string>YES</string>
				<key>GCC_C_LANGUAGE_STANDARD</key>
				<string>gnu99</string>
				<key>GCC_NO_COMMON_BLOCKS</key>
				<string>YES</string>
				<key>GCC_WARN_64_TO_32_BIT_CONVERSION</key>
				<string>YES</string>
				<key>GCC_WARN_ABOUT_RETURN_TYPE</key>
				<string>YES_ERROR</string>
				<key>GCC_WARN_UNDECLARED_SELECTOR</key>
				<string>YES</string>
				<key>GCC_WARN_UNINITIALIZED_AUTOS</key>
				<string>YES_AGGRESSIVE</string>
				<key>GCC_WARN_UNUSED_FUNCTION</key>
				<string>YES</string>
				<key>GCC_WARN_UNUSED_VARIABLE</key>
				<string>YES</string>
				<key>IPHONEOS_DEPLOYMENT_TARGET</key>
				<string>9.2</string>
				<key>MTL_ENABLE_DEBUG_INFO</key>
				<string>NO</string>
				<key>SDKROOT</key>
				<string>iphoneos</string>
				<key>VALIDATE_PRODUCT</key>
				<string>YES</string>
			</dict>
			<key>isa</key>
			<string>XCBuildConfiguration</string>
			<key>name</key>
			<string>Release</string>
		</dict>
		<key>3DB2F77B1C3BA49800B62CD6</key>
		<dict>
			<key>buildConfigurations</key>
			<array>
				<string>3DB2F77C1C3BA49800B62CD6</string>
				<string>3DB2F77D1C3BA49800B62CD6</string>
			</array>
			<key>defaultConfigurationIsVisible</key>
			<string>0</string>
			<key>defaultConfigurationName</key>
			<string>Release</string>
			<key>isa</key>
			<string>XCConfigurationList</string>
		</dict>
		<key>3DB2F77C1C3BA49800B62CD6</key>
		<dict>
			<key>baseConfigurationReference</key>
			<string>2B3600F19098461B7BEB75A7</string>
			<key>buildSettings</key>
			<dict>
				<key>ASSETCATALOG_COMPILER_APPICON_NAME</key>
				<string>AppIcon</string>
				<key>CLANG_ENABLE_MODULES</key>
				<string>YES</string>
				<key>CODE_SIGN_IDENTITY</key>
				<string>iPhone Developer</string>
				<key>EMBEDDED_CONTENT_CONTAINS_SWIFT</key>
				<string>YES</string>
				<key>FRAMEWORK_SEARCH_PATHS</key>
				<array>
					<string>$(inherited)</string>
					<string>$(PROJECT_DIR)/lianwangke_swift/3Party/GaoDeMap</string>
					<string>$(PROJECT_DIR)/lianwangke_swift/3Party</string>
				</array>
				<key>INFOPLIST_FILE</key>
				<string>lianwangke_swift/Info.plist</string>
				<key>IPHONEOS_DEPLOYMENT_TARGET</key>
				<string>8.0</string>
				<key>LD_RUNPATH_SEARCH_PATHS</key>
				<string>$(inherited) @executable_path/Frameworks</string>
				<key>OTHER_LDFLAGS</key>
				<string></string>
				<key>PRODUCT_BUNDLE_IDENTIFIER</key>
				<string>yangxing.com.lianwangke-swift</string>
				<key>PRODUCT_NAME</key>
				<string>$(TARGET_NAME)</string>
				<key>SWIFT_OBJC_BRIDGING_HEADER</key>
				<string>lianwangke_swift/OC/lianwangke_swift-Bridging-Header.h</string>
				<key>SWIFT_OPTIMIZATION_LEVEL</key>
				<string>-Onone</string>
				<key>SWIFT_VERSION</key>
				<string>3.0</string>
			</dict>
			<key>isa</key>
			<string>XCBuildConfiguration</string>
			<key>name</key>
			<string>Debug</string>
		</dict>
		<key>3DB2F77D1C3BA49800B62CD6</key>
		<dict>
			<key>baseConfigurationReference</key>
			<string>79D54E6E9FAE22EB2ADD88BB</string>
			<key>buildSettings</key>
			<dict>
				<key>ASSETCATALOG_COMPILER_APPICON_NAME</key>
				<string>AppIcon</string>
				<key>CLANG_ENABLE_MODULES</key>
				<string>YES</string>
				<key>CODE_SIGN_IDENTITY</key>
				<string>iPhone Developer</string>
				<key>EMBEDDED_CONTENT_CONTAINS_SWIFT</key>
				<string>YES</string>
				<key>FRAMEWORK_SEARCH_PATHS</key>
				<array>
					<string>$(inherited)</string>
					<string>$(PROJECT_DIR)/lianwangke_swift/3Party/GaoDeMap</string>
					<string>$(PROJECT_DIR)/lianwangke_swift/3Party</string>
				</array>
				<key>INFOPLIST_FILE</key>
				<string>lianwangke_swift/Info.plist</string>
				<key>IPHONEOS_DEPLOYMENT_TARGET</key>
				<string>8.0</string>
				<key>LD_RUNPATH_SEARCH_PATHS</key>
				<string>$(inherited) @executable_path/Frameworks</string>
				<key>OTHER_LDFLAGS</key>
				<string></string>
				<key>PRODUCT_BUNDLE_IDENTIFIER</key>
				<string>yangxing.com.lianwangke-swift</string>
				<key>PRODUCT_NAME</key>
				<string>$(TARGET_NAME)</string>
				<key>SWIFT_OBJC_BRIDGING_HEADER</key>
				<string>lianwangke_swift/OC/lianwangke_swift-Bridging-Header.h</string>
				<key>SWIFT_VERSION</key>
				<string>3.0</string>
			</dict>
			<key>isa</key>
			<string>XCBuildConfiguration</string>
			<key>name</key>
			<string>Release</string>
		</dict>
		<key>3DB2F77E1C3BA49800B62CD6</key>
		<dict>
			<key>buildConfigurations</key>
			<array>
				<string>3DB2F77F1C3BA49800B62CD6</string>
				<string>3DB2F7801C3BA49800B62CD6</string>
			</array>
			<key>defaultConfigurationIsVisible</key>
			<string>0</string>
			<key>defaultConfigurationName</key>
			<string>Release</string>
			<key>isa</key>
			<string>XCConfigurationList</string>
		</dict>
		<key>3DB2F77F1C3BA49800B62CD6</key>
		<dict>
			<key>buildSettings</key>
			<dict>
				<key>BUNDLE_LOADER</key>
				<string>$(TEST_HOST)</string>
				<key>INFOPLIST_FILE</key>
				<string>lianwangke_swiftTests/Info.plist</string>
				<key>LD_RUNPATH_SEARCH_PATHS</key>
				<string>$(inherited) @executable_path/Frameworks @loader_path/Frameworks</string>
				<key>PRODUCT_BUNDLE_IDENTIFIER</key>
				<string>yangxing.com.lianwangke-swiftTests</string>
				<key>PRODUCT_NAME</key>
				<string>$(TARGET_NAME)</string>
				<key>SWIFT_VERSION</key>
				<string>3.0</string>
				<key>TEST_HOST</key>
				<string>$(BUILT_PRODUCTS_DIR)/lianwangke_swift.app/lianwangke_swift</string>
			</dict>
			<key>isa</key>
			<string>XCBuildConfiguration</string>
			<key>name</key>
			<string>Debug</string>
		</dict>
		<key>3DB2F7801C3BA49800B62CD6</key>
		<dict>
			<key>buildSettings</key>
			<dict>
				<key>BUNDLE_LOADER</key>
				<string>$(TEST_HOST)</string>
				<key>INFOPLIST_FILE</key>
				<string>lianwangke_swiftTests/Info.plist</string>
				<key>LD_RUNPATH_SEARCH_PATHS</key>
				<string>$(inherited) @executable_path/Frameworks @loader_path/Frameworks</string>
				<key>PRODUCT_BUNDLE_IDENTIFIER</key>
				<string>yangxing.com.lianwangke-swiftTests</string>
				<key>PRODUCT_NAME</key>
				<string>$(TARGET_NAME)</string>
				<key>SWIFT_VERSION</key>
				<string>3.0</string>
				<key>TEST_HOST</key>
				<string>$(BUILT_PRODUCTS_DIR)/lianwangke_swift.app/lianwangke_swift</string>
			</dict>
			<key>isa</key>
			<string>XCBuildConfiguration</string>
			<key>name</key>
			<string>Release</string>
		</dict>
		<key>3DB2F7811C3BA49800B62CD6</key>
		<dict>
			<key>buildConfigurations</key>
			<array>
				<string>3DB2F7821C3BA49800B62CD6</string>
				<string>3DB2F7831C3BA49800B62CD6</string>
			</array>
			<key>defaultConfigurationIsVisible</key>
			<string>0</string>
			<key>defaultConfigurationName</key>
			<string>Release</string>
			<key>isa</key>
			<string>XCConfigurationList</string>
		</dict>
		<key>3DB2F7821C3BA49800B62CD6</key>
		<dict>
			<key>buildSettings</key>
			<dict>
				<key>INFOPLIST_FILE</key>
				<string>lianwangke_swiftUITests/Info.plist</string>
				<key>LD_RUNPATH_SEARCH_PATHS</key>
				<string>$(inherited) @executable_path/Frameworks @loader_path/Frameworks</string>
				<key>PRODUCT_BUNDLE_IDENTIFIER</key>
				<string>yangxing.com.lianwangke-swiftUITests</string>
				<key>PRODUCT_NAME</key>
				<string>$(TARGET_NAME)</string>
				<key>SWIFT_VERSION</key>
				<string>3.0</string>
				<key>TEST_TARGET_NAME</key>
				<string>lianwangke_swift</string>
				<key>USES_XCTRUNNER</key>
				<string>YES</string>
			</dict>
			<key>isa</key>
			<string>XCBuildConfiguration</string>
			<key>name</key>
			<string>Debug</string>
		</dict>
		<key>3DB2F7831C3BA49800B62CD6</key>
		<dict>
			<key>buildSettings</key>
			<dict>
				<key>INFOPLIST_FILE</key>
				<string>lianwangke_swiftUITests/Info.plist</string>
				<key>LD_RUNPATH_SEARCH_PATHS</key>
				<string>$(inherited) @executable_path/Frameworks @loader_path/Frameworks</string>
				<key>PRODUCT_BUNDLE_IDENTIFIER</key>
				<string>yangxing.com.lianwangke-swiftUITests</string>
				<key>PRODUCT_NAME</key>
				<string>$(TARGET_NAME)</string>
				<key>SWIFT_VERSION</key>
				<string>3.0</string>
				<key>TEST_TARGET_NAME</key>
				<string>lianwangke_swift</string>
				<key>USES_XCTRUNNER</key>
				<string>YES</string>
			</dict>
			<key>isa</key>
			<string>XCBuildConfiguration</string>
			<key>name</key>
			<string>Release</string>
		</dict>
		<key>3DD79D651D2C9E0E00271049</key>
		<dict>
			<key>children</key>
			<array>
				<string>3DD79D6B1D2C9E9100271049</string>
			</array>
			<key>isa</key>
			<string>PBXGroup</string>
			<key>path</key>
			<string>TabBarVC</string>
			<key>sourceTree</key>
			<string>&lt;group&gt;</string>
		</dict>
		<key>3DD79D661D2C9E1800271049</key>
		<dict>
			<key>children</key>
			<array>
				<string>3DD79D701D2C9EF000271049</string>
				<string>3DD79D6F1D2C9EE600271049</string>
				<string>3DD79D6E1D2C9EDB00271049</string>
				<string>3DD79D6D1D2C9ECF00271049</string>
			</array>
			<key>isa</key>
			<string>PBXGroup</string>
			<key>path</key>
			<string>VC</string>
			<key>sourceTree</key>
			<string>&lt;group&gt;</string>
		</dict>
		<key>3DD79D671D2C9E2900271049</key>
		<dict>
			<key>children</key>
			<array>
				<string>3DD79DB01D2F33F700271049</string>
				<string>3DD79D7B1D2CD39800271049</string>
			</array>
			<key>isa</key>
			<string>PBXGroup</string>
			<key>path</key>
			<string>Cell</string>
			<key>sourceTree</key>
			<string>&lt;group&gt;</string>
		</dict>
		<key>3DD79D681D2C9E3C00271049</key>
		<dict>
			<key>children</key>
			<array>
				<string>3DD79D791D2CA0E400271049</string>
				<string>3D0904251D4F4AB800B8F3B6</string>
			</array>
			<key>isa</key>
			<string>PBXGroup</string>
			<key>path</key>
			<string>Macro</string>
			<key>sourceTree</key>
			<string>&lt;group&gt;</string>
		</dict>
		<key>3DD79D691D2C9E5900271049</key>
		<dict>
			<key>children</key>
			<array>
				<string>3D09041A1D4F47F300B8F3B6</string>
			</array>
			<key>isa</key>
			<string>PBXGroup</string>
			<key>path</key>
			<string>Model</string>
			<key>sourceTree</key>
			<string>&lt;group&gt;</string>
		</dict>
		<key>3DD79D6A1D2C9E6A00271049</key>
		<dict>
			<key>children</key>
			<array>
				<string>3D0901011D4B375000B8F3B6</string>
				<string>3DD79EA51D3C808F00271049</string>
				<string>3DD79DAB1D2E7B0B00271049</string>
			</array>
			<key>isa</key>
			<string>PBXGroup</string>
			<key>path</key>
			<string>3Party</string>
			<key>sourceTree</key>
			<string>&lt;group&gt;</string>
		</dict>
		<key>3DD79D6B1D2C9E9100271049</key>
		<dict>
			<key>fileEncoding</key>
			<string>4</string>
			<key>isa</key>
			<string>PBXFileReference</string>
			<key>lastKnownFileType</key>
			<string>sourcecode.swift</string>
			<key>path</key>
			<string>MainTabBarVC.swift</string>
			<key>sourceTree</key>
			<string>&lt;group&gt;</string>
		</dict>
		<key>3DD79D6C1D2C9E9100271049</key>
		<dict>
			<key>fileRef</key>
			<string>3DD79D6B1D2C9E9100271049</string>
			<key>isa</key>
			<string>PBXBuildFile</string>
		</dict>
		<key>3DD79D6D1D2C9ECF00271049</key>
		<dict>
			<key>children</key>
			<array>
				<string>3DD79D711D2C9F0500271049</string>
			</array>
			<key>isa</key>
			<string>PBXGroup</string>
			<key>path</key>
			<string>HomeVC</string>
			<key>sourceTree</key>
			<string>&lt;group&gt;</string>
		</dict>
		<key>3DD79D6E1D2C9EDB00271049</key>
		<dict>
			<key>children</key>
			<array>
				<string>3DD79D731D2C9F1200271049</string>
			</array>
			<key>isa</key>
			<string>PBXGroup</string>
			<key>path</key>
			<string>NetWorkVC</string>
			<key>sourceTree</key>
			<string>&lt;group&gt;</string>
		</dict>
		<key>3DD79D6F1D2C9EE600271049</key>
		<dict>
			<key>children</key>
			<array>
				<string>3DD79D751D2C9F1E00271049</string>
			</array>
			<key>isa</key>
			<string>PBXGroup</string>
			<key>path</key>
			<string>OrderVC</string>
			<key>sourceTree</key>
			<string>&lt;group&gt;</string>
		</dict>
		<key>3DD79D701D2C9EF000271049</key>
		<dict>
			<key>children</key>
			<array>
				<string>3DD79D771D2C9F2A00271049</string>
				<string>3DD79DF01D35CDB500271049</string>
			</array>
			<key>isa</key>
			<string>PBXGroup</string>
			<key>path</key>
			<string>MineVC</string>
			<key>sourceTree</key>
			<string>&lt;group&gt;</string>
		</dict>
		<key>3DD79D711D2C9F0500271049</key>
		<dict>
			<key>fileEncoding</key>
			<string>4</string>
			<key>isa</key>
			<string>PBXFileReference</string>
			<key>lastKnownFileType</key>
			<string>sourcecode.swift</string>
			<key>path</key>
			<string>HomeMainVC.swift</string>
			<key>sourceTree</key>
			<string>&lt;group&gt;</string>
		</dict>
		<key>3DD79D721D2C9F0500271049</key>
		<dict>
			<key>fileRef</key>
			<string>3DD79D711D2C9F0500271049</string>
			<key>isa</key>
			<string>PBXBuildFile</string>
		</dict>
		<key>3DD79D731D2C9F1200271049</key>
		<dict>
			<key>fileEncoding</key>
			<string>4</string>
			<key>isa</key>
			<string>PBXFileReference</string>
			<key>lastKnownFileType</key>
			<string>sourcecode.swift</string>
			<key>path</key>
			<string>NetWorkMainVC.swift</string>
			<key>sourceTree</key>
			<string>&lt;group&gt;</string>
		</dict>
		<key>3DD79D741D2C9F1200271049</key>
		<dict>
			<key>fileRef</key>
			<string>3DD79D731D2C9F1200271049</string>
			<key>isa</key>
			<string>PBXBuildFile</string>
		</dict>
		<key>3DD79D751D2C9F1E00271049</key>
		<dict>
			<key>fileEncoding</key>
			<string>4</string>
			<key>isa</key>
			<string>PBXFileReference</string>
			<key>lastKnownFileType</key>
			<string>sourcecode.swift</string>
			<key>path</key>
			<string>OrderMainVC.swift</string>
			<key>sourceTree</key>
			<string>&lt;group&gt;</string>
		</dict>
		<key>3DD79D761D2C9F1E00271049</key>
		<dict>
			<key>fileRef</key>
			<string>3DD79D751D2C9F1E00271049</string>
			<key>isa</key>
			<string>PBXBuildFile</string>
		</dict>
		<key>3DD79D771D2C9F2A00271049</key>
		<dict>
			<key>fileEncoding</key>
			<string>4</string>
			<key>isa</key>
			<string>PBXFileReference</string>
			<key>lastKnownFileType</key>
			<string>sourcecode.swift</string>
			<key>path</key>
			<string>MineMainVC.swift</string>
			<key>sourceTree</key>
			<string>&lt;group&gt;</string>
			<key>wrapsLines</key>
			<string>0</string>
		</dict>
		<key>3DD79D781D2C9F2A00271049</key>
		<dict>
			<key>fileRef</key>
			<string>3DD79D771D2C9F2A00271049</string>
			<key>isa</key>
			<string>PBXBuildFile</string>
		</dict>
		<key>3DD79D791D2CA0E400271049</key>
		<dict>
			<key>fileEncoding</key>
			<string>4</string>
			<key>isa</key>
			<string>PBXFileReference</string>
			<key>lastKnownFileType</key>
			<string>sourcecode.swift</string>
			<key>path</key>
			<string>common.swift</string>
			<key>sourceTree</key>
			<string>&lt;group&gt;</string>
		</dict>
		<key>3DD79D7A1D2CA0E400271049</key>
		<dict>
			<key>fileRef</key>
			<string>3DD79D791D2CA0E400271049</string>
			<key>isa</key>
			<string>PBXBuildFile</string>
		</dict>
		<key>3DD79D7B1D2CD39800271049</key>
		<dict>
			<key>children</key>
			<array>
				<string>3DD79D7E1D2CD3F300271049</string>
			</array>
			<key>isa</key>
			<string>PBXGroup</string>
			<key>path</key>
			<string>HomeCell</string>
			<key>sourceTree</key>
			<string>&lt;group&gt;</string>
		</dict>
		<key>3DD79D7E1D2CD3F300271049</key>
		<dict>
			<key>fileEncoding</key>
			<string>4</string>
			<key>isa</key>
			<string>PBXFileReference</string>
			<key>lastKnownFileType</key>
			<string>sourcecode.swift</string>
			<key>path</key>
			<string>HomeCollectionCell.swift</string>
			<key>sourceTree</key>
			<string>&lt;group&gt;</string>
		</dict>
		<key>3DD79D7F1D2CD3F300271049</key>
		<dict>
			<key>fileRef</key>
			<string>3DD79D7E1D2CD3F300271049</string>
			<key>isa</key>
			<string>PBXBuildFile</string>
		</dict>
		<key>3DD79DAB1D2E7B0B00271049</key>
		<dict>
			<key>children</key>
			<array>
				<string>3DD79DAC1D2E7B1C00271049</string>
				<string>3DD79DAD1D2E7B1C00271049</string>
			</array>
			<key>isa</key>
			<string>PBXGroup</string>
			<key>path</key>
			<string>UINavigaTableViewHeader</string>
			<key>sourceTree</key>
			<string>&lt;group&gt;</string>
		</dict>
		<key>3DD79DAC1D2E7B1C00271049</key>
		<dict>
			<key>fileEncoding</key>
			<string>4</string>
			<key>isa</key>
			<string>PBXFileReference</string>
			<key>lastKnownFileType</key>
			<string>sourcecode.swift</string>
			<key>path</key>
			<string>NavigationBarExtension.swift</string>
			<key>sourceTree</key>
			<string>&lt;group&gt;</string>
		</dict>
		<key>3DD79DAD1D2E7B1C00271049</key>
		<dict>
			<key>fileEncoding</key>
			<string>4</string>
			<key>isa</key>
			<string>PBXFileReference</string>
			<key>lastKnownFileType</key>
			<string>sourcecode.swift</string>
			<key>path</key>
			<string>ParallaxHeaderView.swift</string>
			<key>sourceTree</key>
			<string>&lt;group&gt;</string>
		</dict>
		<key>3DD79DAE1D2E7B1C00271049</key>
		<dict>
			<key>fileRef</key>
			<string>3DD79DAC1D2E7B1C00271049</string>
			<key>isa</key>
			<string>PBXBuildFile</string>
		</dict>
		<key>3DD79DAF1D2E7B1C00271049</key>
		<dict>
			<key>fileRef</key>
			<string>3DD79DAD1D2E7B1C00271049</string>
			<key>isa</key>
			<string>PBXBuildFile</string>
		</dict>
		<key>3DD79DB01D2F33F700271049</key>
		<dict>
			<key>children</key>
			<array>
				<string>3DD79DB11D2F34D100271049</string>
				<string>3DD79DB21D2F34D100271049</string>
				<string>3DD79DF31D35CE2D00271049</string>
			</array>
			<key>isa</key>
			<string>PBXGroup</string>
			<key>path</key>
			<string>MineCell</string>
			<key>sourceTree</key>
			<string>&lt;group&gt;</string>
		</dict>
		<key>3DD79DB11D2F34D100271049</key>
		<dict>
			<key>fileEncoding</key>
			<string>4</string>
			<key>isa</key>
			<string>PBXFileReference</string>
			<key>lastKnownFileType</key>
			<string>sourcecode.swift</string>
			<key>path</key>
			<string>MineCell.swift</string>
			<key>sourceTree</key>
			<string>&lt;group&gt;</string>
		</dict>
		<key>3DD79DB21D2F34D100271049</key>
		<dict>
			<key>fileEncoding</key>
			<string>4</string>
			<key>isa</key>
			<string>PBXFileReference</string>
			<key>lastKnownFileType</key>
			<string>file.xib</string>
			<key>path</key>
			<string>MineCell.xib</string>
			<key>sourceTree</key>
			<string>&lt;group&gt;</string>
		</dict>
		<key>3DD79DB31D2F34D100271049</key>
		<dict>
			<key>fileRef</key>
			<string>3DD79DB11D2F34D100271049</string>
			<key>isa</key>
			<string>PBXBuildFile</string>
		</dict>
		<key>3DD79DB41D2F34D100271049</key>
		<dict>
			<key>fileRef</key>
			<string>3DD79DB21D2F34D100271049</string>
			<key>isa</key>
			<string>PBXBuildFile</string>
		</dict>
		<key>3DD79DF01D35CDB500271049</key>
		<dict>
			<key>children</key>
			<array>
				<string>3DD79DF11D35CDEB00271049</string>
				<string>3DD79E061D35DF9B00271049</string>
				<string>3DD79E071D35DF9B00271049</string>
				<string>3DD79E0A1D35DFAD00271049</string>
				<string>3DD79E0B1D35DFAD00271049</string>
				<string>3DD79E0E1D35DFC400271049</string>
				<string>3DD79E0F1D35DFC400271049</string>
				<string>3DD79E121D35DFE100271049</string>
				<string>3DD79E031D35DDEF00271049</string>
				<string>3DD79E001D35DDC900271049</string>
			</array>
			<key>isa</key>
			<string>PBXGroup</string>
			<key>path</key>
			<string>MyBaseInfo</string>
			<key>sourceTree</key>
			<string>&lt;group&gt;</string>
		</dict>
		<key>3DD79DF11D35CDEB00271049</key>
		<dict>
			<key>fileEncoding</key>
			<string>4</string>
			<key>isa</key>
			<string>PBXFileReference</string>
			<key>lastKnownFileType</key>
			<string>sourcecode.swift</string>
			<key>path</key>
			<string>MyBaseMainVC.swift</string>
			<key>sourceTree</key>
			<string>&lt;group&gt;</string>
		</dict>
		<key>3DD79DF21D35CDEB00271049</key>
		<dict>
			<key>fileRef</key>
			<string>3DD79DF11D35CDEB00271049</string>
			<key>isa</key>
			<string>PBXBuildFile</string>
		</dict>
		<key>3DD79DF31D35CE2D00271049</key>
		<dict>
			<key>children</key>
			<array>
				<string>3DD79DF41D35CE5400271049</string>
				<string>3DD79DF51D35CE5400271049</string>
			</array>
			<key>isa</key>
			<string>PBXGroup</string>
			<key>path</key>
			<string>MyBaseMainCell</string>
			<key>sourceTree</key>
			<string>&lt;group&gt;</string>
		</dict>
		<key>3DD79DF41D35CE5400271049</key>
		<dict>
			<key>fileEncoding</key>
			<string>4</string>
			<key>isa</key>
			<string>PBXFileReference</string>
			<key>lastKnownFileType</key>
			<string>sourcecode.swift</string>
			<key>path</key>
			<string>MyBaseMainCell.swift</string>
			<key>sourceTree</key>
			<string>&lt;group&gt;</string>
		</dict>
		<key>3DD79DF51D35CE5400271049</key>
		<dict>
			<key>fileEncoding</key>
			<string>4</string>
			<key>isa</key>
			<string>PBXFileReference</string>
			<key>lastKnownFileType</key>
			<string>file.xib</string>
			<key>path</key>
			<string>MyBaseMainCell.xib</string>
			<key>sourceTree</key>
			<string>&lt;group&gt;</string>
		</dict>
		<key>3DD79DF61D35CE5400271049</key>
		<dict>
			<key>fileRef</key>
			<string>3DD79DF41D35CE5400271049</string>
			<key>isa</key>
			<string>PBXBuildFile</string>
		</dict>
		<key>3DD79DF71D35CE5400271049</key>
		<dict>
			<key>fileRef</key>
			<string>3DD79DF51D35CE5400271049</string>
			<key>isa</key>
			<string>PBXBuildFile</string>
		</dict>
		<key>3DD79E001D35DDC900271049</key>
		<dict>
			<key>children</key>
			<array>
				<string>3DD79E011D35DDDF00271049</string>
			</array>
			<key>isa</key>
			<string>PBXGroup</string>
			<key>path</key>
			<string>SetWorkVC</string>
			<key>sourceTree</key>
			<string>&lt;group&gt;</string>
		</dict>
		<key>3DD79E011D35DDDF00271049</key>
		<dict>
			<key>fileEncoding</key>
			<string>4</string>
			<key>isa</key>
			<string>PBXFileReference</string>
			<key>lastKnownFileType</key>
			<string>sourcecode.swift</string>
			<key>path</key>
			<string>SetWorkVC.swift</string>
			<key>sourceTree</key>
			<string>&lt;group&gt;</string>
		</dict>
		<key>3DD79E021D35DDDF00271049</key>
		<dict>
			<key>fileRef</key>
			<string>3DD79E011D35DDDF00271049</string>
			<key>isa</key>
			<string>PBXBuildFile</string>
		</dict>
		<key>3DD79E031D35DDEF00271049</key>
		<dict>
			<key>children</key>
			<array>
				<string>3DD79E041D35DDFA00271049</string>
			</array>
			<key>isa</key>
			<string>PBXGroup</string>
			<key>path</key>
			<string>SetCityVC</string>
			<key>sourceTree</key>
			<string>&lt;group&gt;</string>
		</dict>
		<key>3DD79E041D35DDFA00271049</key>
		<dict>
			<key>fileEncoding</key>
			<string>4</string>
			<key>isa</key>
			<string>PBXFileReference</string>
			<key>lastKnownFileType</key>
			<string>sourcecode.swift</string>
			<key>path</key>
			<string>SetCityVC.swift</string>
			<key>sourceTree</key>
			<string>&lt;group&gt;</string>
		</dict>
		<key>3DD79E051D35DDFA00271049</key>
		<dict>
			<key>fileRef</key>
			<string>3DD79E041D35DDFA00271049</string>
			<key>isa</key>
			<string>PBXBuildFile</string>
		</dict>
		<key>3DD79E061D35DF9B00271049</key>
		<dict>
			<key>fileEncoding</key>
			<string>4</string>
			<key>isa</key>
			<string>PBXFileReference</string>
			<key>lastKnownFileType</key>
			<string>sourcecode.swift</string>
			<key>path</key>
			<string>SetPhotoVC.swift</string>
			<key>sourceTree</key>
			<string>&lt;group&gt;</string>
		</dict>
		<key>3DD79E071D35DF9B00271049</key>
		<dict>
			<key>fileEncoding</key>
			<string>4</string>
			<key>isa</key>
			<string>PBXFileReference</string>
			<key>lastKnownFileType</key>
			<string>file.xib</string>
			<key>path</key>
			<string>SetPhotoVC.xib</string>
			<key>sourceTree</key>
			<string>&lt;group&gt;</string>
		</dict>
		<key>3DD79E081D35DF9B00271049</key>
		<dict>
			<key>fileRef</key>
			<string>3DD79E061D35DF9B00271049</string>
			<key>isa</key>
			<string>PBXBuildFile</string>
		</dict>
		<key>3DD79E091D35DF9B00271049</key>
		<dict>
			<key>fileRef</key>
			<string>3DD79E071D35DF9B00271049</string>
			<key>isa</key>
			<string>PBXBuildFile</string>
		</dict>
		<key>3DD79E0A1D35DFAD00271049</key>
		<dict>
			<key>fileEncoding</key>
			<string>4</string>
			<key>isa</key>
			<string>PBXFileReference</string>
			<key>lastKnownFileType</key>
			<string>sourcecode.swift</string>
			<key>path</key>
			<string>SetNickNameVC.swift</string>
			<key>sourceTree</key>
			<string>&lt;group&gt;</string>
		</dict>
		<key>3DD79E0B1D35DFAD00271049</key>
		<dict>
			<key>fileEncoding</key>
			<string>4</string>
			<key>isa</key>
			<string>PBXFileReference</string>
			<key>lastKnownFileType</key>
			<string>file.xib</string>
			<key>path</key>
			<string>SetNickNameVC.xib</string>
			<key>sourceTree</key>
			<string>&lt;group&gt;</string>
		</dict>
		<key>3DD79E0C1D35DFAD00271049</key>
		<dict>
			<key>fileRef</key>
			<string>3DD79E0A1D35DFAD00271049</string>
			<key>isa</key>
			<string>PBXBuildFile</string>
		</dict>
		<key>3DD79E0D1D35DFAD00271049</key>
		<dict>
			<key>fileRef</key>
			<string>3DD79E0B1D35DFAD00271049</string>
			<key>isa</key>
			<string>PBXBuildFile</string>
		</dict>
		<key>3DD79E0E1D35DFC400271049</key>
		<dict>
			<key>fileEncoding</key>
			<string>4</string>
			<key>isa</key>
			<string>PBXFileReference</string>
			<key>lastKnownFileType</key>
			<string>sourcecode.swift</string>
			<key>path</key>
			<string>SetSexVC.swift</string>
			<key>sourceTree</key>
			<string>&lt;group&gt;</string>
		</dict>
		<key>3DD79E0F1D35DFC400271049</key>
		<dict>
			<key>fileEncoding</key>
			<string>4</string>
			<key>isa</key>
			<string>PBXFileReference</string>
			<key>lastKnownFileType</key>
			<string>file.xib</string>
			<key>path</key>
			<string>SetSexVC.xib</string>
			<key>sourceTree</key>
			<string>&lt;group&gt;</string>
		</dict>
		<key>3DD79E101D35DFC400271049</key>
		<dict>
			<key>fileRef</key>
			<string>3DD79E0E1D35DFC400271049</string>
			<key>isa</key>
			<string>PBXBuildFile</string>
		</dict>
		<key>3DD79E111D35DFC400271049</key>
		<dict>
			<key>fileRef</key>
			<string>3DD79E0F1D35DFC400271049</string>
			<key>isa</key>
			<string>PBXBuildFile</string>
		</dict>
		<key>3DD79E121D35DFE100271049</key>
		<dict>
			<key>fileEncoding</key>
			<string>4</string>
			<key>isa</key>
			<string>PBXFileReference</string>
			<key>lastKnownFileType</key>
			<string>sourcecode.swift</string>
			<key>path</key>
			<string>SetInterestVC.swift</string>
			<key>sourceTree</key>
			<string>&lt;group&gt;</string>
		</dict>
		<key>3DD79E131D35DFE100271049</key>
		<dict>
			<key>fileRef</key>
			<string>3DD79E121D35DFE100271049</string>
			<key>isa</key>
			<string>PBXBuildFile</string>
		</dict>
		<key>3DD79EA01D3C5EE900271049</key>
		<dict>
			<key>children</key>
			<array>
				<string>3DD79ED31D3CC26000271049</string>
				<string>3DD79EA21D3C5F0900271049</string>
				<string>3DD79EA31D3C5F0900271049</string>
				<string>3DD79EC31D3C85CC00271049</string>
				<string>3DD79EC41D3C85CC00271049</string>
				<string>3DD79EA11D3C5F0900271049</string>
				<string>3DD79ED41D3CD92700271049</string>
				<string>3DD79ED51D3CD92700271049</string>
				<string>3DD79ED61D3CD92700271049</string>
			</array>
			<key>isa</key>
			<string>PBXGroup</string>
			<key>path</key>
			<string>OC</string>
			<key>sourceTree</key>
			<string>&lt;group&gt;</string>
		</dict>
		<key>3DD79EA11D3C5F0900271049</key>
		<dict>
			<key>isa</key>
			<string>PBXFileReference</string>
			<key>lastKnownFileType</key>
			<string>sourcecode.c.h</string>
			<key>path</key>
			<string>lianwangke_swift-Bridging-Header.h</string>
			<key>sourceTree</key>
			<string>&lt;group&gt;</string>
		</dict>
		<key>3DD79EA21D3C5F0900271049</key>
		<dict>
			<key>fileEncoding</key>
			<string>4</string>
			<key>isa</key>
			<string>PBXFileReference</string>
			<key>lastKnownFileType</key>
			<string>sourcecode.c.h</string>
			<key>path</key>
			<string>TestVC.h</string>
			<key>sourceTree</key>
			<string>&lt;group&gt;</string>
		</dict>
		<key>3DD79EA31D3C5F0900271049</key>
		<dict>
			<key>fileEncoding</key>
			<string>4</string>
			<key>isa</key>
			<string>PBXFileReference</string>
			<key>lastKnownFileType</key>
			<string>sourcecode.c.objc</string>
			<key>path</key>
			<string>TestVC.m</string>
			<key>sourceTree</key>
			<string>&lt;group&gt;</string>
		</dict>
		<key>3DD79EA41D3C5F0900271049</key>
		<dict>
			<key>fileRef</key>
			<string>3DD79EA31D3C5F0900271049</string>
			<key>isa</key>
			<string>PBXBuildFile</string>
		</dict>
		<key>3DD79EA51D3C808F00271049</key>
		<dict>
			<key>children</key>
			<array>
				<string>3DD79ECE1D3C968A00271049</string>
				<string>3DD79ECC1D3C967000271049</string>
				<string>3DD79EA61D3C80B600271049</string>
			</array>
			<key>isa</key>
			<string>PBXGroup</string>
			<key>path</key>
			<string>GaoDeMap</string>
			<key>sourceTree</key>
			<string>&lt;group&gt;</string>
		</dict>
		<key>3DD79EA61D3C80B600271049</key>
		<dict>
			<key>isa</key>
			<string>PBXFileReference</string>
			<key>lastKnownFileType</key>
			<string>wrapper.framework</string>
			<key>path</key>
			<string>AMapFoundationKit.framework</string>
			<key>sourceTree</key>
			<string>&lt;group&gt;</string>
		</dict>
		<key>3DD79EA71D3C80B600271049</key>
		<dict>
			<key>fileRef</key>
			<string>3DD79EA61D3C80B600271049</string>
			<key>isa</key>
			<string>PBXBuildFile</string>
		</dict>
		<key>3DD79EAA1D3C83C900271049</key>
		<dict>
			<key>isa</key>
			<string>PBXFileReference</string>
			<key>lastKnownFileType</key>
			<string>wrapper.framework</string>
			<key>name</key>
			<string>UIKit.framework</string>
			<key>path</key>
			<string>System/Library/Frameworks/UIKit.framework</string>
			<key>sourceTree</key>
			<string>SDKROOT</string>
		</dict>
		<key>3DD79EAB1D3C83C900271049</key>
		<dict>
			<key>fileRef</key>
			<string>3DD79EAA1D3C83C900271049</string>
			<key>isa</key>
			<string>PBXBuildFile</string>
		</dict>
		<key>3DD79EAC1D3C83D300271049</key>
		<dict>
			<key>isa</key>
			<string>PBXFileReference</string>
			<key>lastKnownFileType</key>
			<string>wrapper.framework</string>
			<key>name</key>
			<string>Foundation.framework</string>
			<key>path</key>
			<string>System/Library/Frameworks/Foundation.framework</string>
			<key>sourceTree</key>
			<string>SDKROOT</string>
		</dict>
		<key>3DD79EAD1D3C83D300271049</key>
		<dict>
			<key>fileRef</key>
			<string>3DD79EAC1D3C83D300271049</string>
			<key>isa</key>
			<string>PBXBuildFile</string>
		</dict>
		<key>3DD79EAE1D3C83DC00271049</key>
		<dict>
			<key>isa</key>
			<string>PBXFileReference</string>
			<key>lastKnownFileType</key>
			<string>wrapper.framework</string>
			<key>name</key>
			<string>CoreGraphics.framework</string>
			<key>path</key>
			<string>System/Library/Frameworks/CoreGraphics.framework</string>
			<key>sourceTree</key>
			<string>SDKROOT</string>
		</dict>
		<key>3DD79EAF1D3C83DC00271049</key>
		<dict>
			<key>fileRef</key>
			<string>3DD79EAE1D3C83DC00271049</string>
			<key>isa</key>
			<string>PBXBuildFile</string>
		</dict>
		<key>3DD79EB01D3C83E500271049</key>
		<dict>
			<key>isa</key>
			<string>PBXFileReference</string>
			<key>lastKnownFileType</key>
			<string>wrapper.framework</string>
			<key>name</key>
			<string>QuartzCore.framework</string>
			<key>path</key>
			<string>System/Library/Frameworks/QuartzCore.framework</string>
			<key>sourceTree</key>
			<string>SDKROOT</string>
		</dict>
		<key>3DD79EB11D3C83E500271049</key>
		<dict>
			<key>fileRef</key>
			<string>3DD79EB01D3C83E500271049</string>
			<key>isa</key>
			<string>PBXBuildFile</string>
		</dict>
		<key>3DD79EB21D3C83EF00271049</key>
		<dict>
			<key>isa</key>
			<string>PBXFileReference</string>
			<key>lastKnownFileType</key>
			<string>wrapper.framework</string>
			<key>name</key>
			<string>OpenGLES.framework</string>
			<key>path</key>
			<string>System/Library/Frameworks/OpenGLES.framework</string>
			<key>sourceTree</key>
			<string>SDKROOT</string>
		</dict>
		<key>3DD79EB31D3C83EF00271049</key>
		<dict>
			<key>fileRef</key>
			<string>3DD79EB21D3C83EF00271049</string>
			<key>isa</key>
			<string>PBXBuildFile</string>
		</dict>
		<key>3DD79EB41D3C83F700271049</key>
		<dict>
			<key>isa</key>
			<string>PBXFileReference</string>
			<key>lastKnownFileType</key>
			<string>wrapper.framework</string>
			<key>name</key>
			<string>CoreLocation.framework</string>
			<key>path</key>
			<string>System/Library/Frameworks/CoreLocation.framework</string>
			<key>sourceTree</key>
			<string>SDKROOT</string>
		</dict>
		<key>3DD79EB51D3C83F700271049</key>
		<dict>
			<key>fileRef</key>
			<string>3DD79EB41D3C83F700271049</string>
			<key>isa</key>
			<string>PBXBuildFile</string>
		</dict>
		<key>3DD79EB61D3C840000271049</key>
		<dict>
			<key>isa</key>
			<string>PBXFileReference</string>
			<key>lastKnownFileType</key>
			<string>wrapper.framework</string>
			<key>name</key>
			<string>CoreTelephony.framework</string>
			<key>path</key>
			<string>System/Library/Frameworks/CoreTelephony.framework</string>
			<key>sourceTree</key>
			<string>SDKROOT</string>
		</dict>
		<key>3DD79EB71D3C840000271049</key>
		<dict>
			<key>fileRef</key>
			<string>3DD79EB61D3C840000271049</string>
			<key>isa</key>
			<string>PBXBuildFile</string>
		</dict>
		<key>3DD79EB81D3C840A00271049</key>
		<dict>
			<key>isa</key>
			<string>PBXFileReference</string>
			<key>lastKnownFileType</key>
			<string>wrapper.framework</string>
			<key>name</key>
			<string>SystemConfiguration.framework</string>
			<key>path</key>
			<string>System/Library/Frameworks/SystemConfiguration.framework</string>
			<key>sourceTree</key>
			<string>SDKROOT</string>
		</dict>
		<key>3DD79EB91D3C840A00271049</key>
		<dict>
			<key>fileRef</key>
			<string>3DD79EB81D3C840A00271049</string>
			<key>isa</key>
			<string>PBXBuildFile</string>
		</dict>
		<key>3DD79EBA1D3C841500271049</key>
		<dict>
			<key>isa</key>
			<string>PBXFileReference</string>
			<key>lastKnownFileType</key>
			<string>sourcecode.text-based-dylib-definition</string>
			<key>name</key>
			<string>libz.tbd</string>
			<key>path</key>
			<string>usr/lib/libz.tbd</string>
			<key>sourceTree</key>
			<string>SDKROOT</string>
		</dict>
		<key>3DD79EBB1D3C841500271049</key>
		<dict>
			<key>fileRef</key>
			<string>3DD79EBA1D3C841500271049</string>
			<key>isa</key>
			<string>PBXBuildFile</string>
		</dict>
		<key>3DD79EBC1D3C842200271049</key>
		<dict>
			<key>isa</key>
			<string>PBXFileReference</string>
			<key>lastKnownFileType</key>
			<string>sourcecode.text-based-dylib-definition</string>
			<key>name</key>
			<string>libstdc++.6.0.9.tbd</string>
			<key>path</key>
			<string>usr/lib/libstdc++.6.0.9.tbd</string>
			<key>sourceTree</key>
			<string>SDKROOT</string>
		</dict>
		<key>3DD79EBD1D3C842200271049</key>
		<dict>
			<key>fileRef</key>
			<string>3DD79EBC1D3C842200271049</string>
			<key>isa</key>
			<string>PBXBuildFile</string>
		</dict>
		<key>3DD79EBE1D3C843700271049</key>
		<dict>
			<key>isa</key>
			<string>PBXFileReference</string>
			<key>lastKnownFileType</key>
			<string>sourcecode.text-based-dylib-definition</string>
			<key>name</key>
			<string>libc++.tbd</string>
			<key>path</key>
			<string>usr/lib/libc++.tbd</string>
			<key>sourceTree</key>
			<string>SDKROOT</string>
		</dict>
		<key>3DD79EBF1D3C843700271049</key>
		<dict>
			<key>fileRef</key>
			<string>3DD79EBE1D3C843700271049</string>
			<key>isa</key>
			<string>PBXBuildFile</string>
		</dict>
		<key>3DD79EC01D3C844100271049</key>
		<dict>
			<key>isa</key>
			<string>PBXFileReference</string>
			<key>lastKnownFileType</key>
			<string>wrapper.framework</string>
			<key>name</key>
			<string>Security.framework</string>
			<key>path</key>
			<string>System/Library/Frameworks/Security.framework</string>
			<key>sourceTree</key>
			<string>SDKROOT</string>
		</dict>
		<key>3DD79EC11D3C844100271049</key>
		<dict>
			<key>fileRef</key>
			<string>3DD79EC01D3C844100271049</string>
			<key>isa</key>
			<string>PBXBuildFile</string>
		</dict>
		<key>3DD79EC21D3C844D00271049</key>
		<dict>
			<key>children</key>
			<array>
				<string>3DD79EC01D3C844100271049</string>
				<string>3DD79EBE1D3C843700271049</string>
				<string>3DD79EBC1D3C842200271049</string>
				<string>3DD79EBA1D3C841500271049</string>
				<string>3DD79EB81D3C840A00271049</string>
				<string>3DD79EB61D3C840000271049</string>
				<string>3DD79EB41D3C83F700271049</string>
				<string>3DD79EB21D3C83EF00271049</string>
				<string>3DD79EB01D3C83E500271049</string>
				<string>3DD79EAE1D3C83DC00271049</string>
				<string>3DD79EAC1D3C83D300271049</string>
				<string>3DD79EAA1D3C83C900271049</string>
			</array>
			<key>isa</key>
			<string>PBXGroup</string>
			<key>name</key>
			<string>FrameWork</string>
			<key>sourceTree</key>
			<string>&lt;group&gt;</string>
		</dict>
		<key>3DD79EC31D3C85CC00271049</key>
		<dict>
			<key>fileEncoding</key>
			<string>4</string>
			<key>isa</key>
			<string>PBXFileReference</string>
			<key>lastKnownFileType</key>
			<string>sourcecode.c.h</string>
			<key>path</key>
			<string>MapViewController.h</string>
			<key>sourceTree</key>
			<string>&lt;group&gt;</string>
		</dict>
		<key>3DD79EC41D3C85CC00271049</key>
		<dict>
			<key>fileEncoding</key>
			<string>4</string>
			<key>isa</key>
			<string>PBXFileReference</string>
			<key>lastKnownFileType</key>
			<string>sourcecode.c.objc</string>
			<key>path</key>
			<string>MapViewController.m</string>
			<key>sourceTree</key>
			<string>&lt;group&gt;</string>
			<key>wrapsLines</key>
			<string>1</string>
		</dict>
		<key>3DD79EC51D3C85CC00271049</key>
		<dict>
			<key>fileRef</key>
			<string>3DD79EC41D3C85CC00271049</string>
			<key>isa</key>
			<string>PBXBuildFile</string>
		</dict>
		<key>3DD79EC61D3C884700271049</key>
		<dict>
			<key>isa</key>
			<string>PBXFileReference</string>
			<key>lastKnownFileType</key>
			<string>wrapper.framework</string>
			<key>name</key>
			<string>MAMapKit.framework</string>
			<key>path</key>
			<string>../../../YangXing/MAMapKit.framework</string>
			<key>sourceTree</key>
			<string>&lt;group&gt;</string>
		</dict>
		<key>3DD79ECC1D3C967000271049</key>
		<dict>
			<key>isa</key>
			<string>PBXFileReference</string>
			<key>lastKnownFileType</key>
			<string>wrapper.framework</string>
			<key>path</key>
			<string>MAMapKit.framework</string>
			<key>sourceTree</key>
			<string>&lt;group&gt;</string>
		</dict>
		<key>3DD79ECD1D3C967000271049</key>
		<dict>
			<key>fileRef</key>
			<string>3DD79ECC1D3C967000271049</string>
			<key>isa</key>
			<string>PBXBuildFile</string>
		</dict>
		<key>3DD79ECE1D3C968A00271049</key>
		<dict>
			<key>isa</key>
			<string>PBXFileReference</string>
			<key>lastKnownFileType</key>
			<string>wrapper.plug-in</string>
			<key>path</key>
			<string>AMap.bundle</string>
			<key>sourceTree</key>
			<string>&lt;group&gt;</string>
		</dict>
		<key>3DD79ECF1D3C968A00271049</key>
		<dict>
			<key>fileRef</key>
			<string>3DD79ECE1D3C968A00271049</string>
			<key>isa</key>
			<string>PBXBuildFile</string>
		</dict>
		<key>3DD79ED31D3CC26000271049</key>
		<dict>
			<key>isa</key>
			<string>PBXFileReference</string>
			<key>lastKnownFileType</key>
			<string>sourcecode.c.h</string>
			<key>path</key>
			<string>GeneralMacro.h</string>
			<key>sourceTree</key>
			<string>&lt;group&gt;</string>
		</dict>
		<key>3DD79ED41D3CD92700271049</key>
		<dict>
			<key>fileEncoding</key>
			<string>4</string>
			<key>isa</key>
			<string>PBXFileReference</string>
			<key>lastKnownFileType</key>
			<string>sourcecode.c.h</string>
			<key>path</key>
			<string>SenicCell.h</string>
			<key>sourceTree</key>
			<string>&lt;group&gt;</string>
		</dict>
		<key>3DD79ED51D3CD92700271049</key>
		<dict>
			<key>fileEncoding</key>
			<string>4</string>
			<key>isa</key>
			<string>PBXFileReference</string>
			<key>lastKnownFileType</key>
			<string>sourcecode.c.objc</string>
			<key>path</key>
			<string>SenicCell.m</string>
			<key>sourceTree</key>
			<string>&lt;group&gt;</string>
		</dict>
		<key>3DD79ED61D3CD92700271049</key>
		<dict>
			<key>fileEncoding</key>
			<string>4</string>
			<key>isa</key>
			<string>PBXFileReference</string>
			<key>lastKnownFileType</key>
			<string>file.xib</string>
			<key>path</key>
			<string>SenicCell.xib</string>
			<key>sourceTree</key>
			<string>&lt;group&gt;</string>
		</dict>
		<key>3DD79ED71D3CD92700271049</key>
		<dict>
			<key>fileRef</key>
			<string>3DD79ED51D3CD92700271049</string>
			<key>isa</key>
			<string>PBXBuildFile</string>
		</dict>
		<key>3DD79ED81D3CD92700271049</key>
		<dict>
			<key>fileRef</key>
			<string>3DD79ED61D3CD92700271049</string>
			<key>isa</key>
			<string>PBXBuildFile</string>
		</dict>
		<key>472A9791655FD7137FD8F34E</key>
		<dict>
			<key>children</key>
			<array>
				<string>2B3600F19098461B7BEB75A7</string>
				<string>79D54E6E9FAE22EB2ADD88BB</string>
			</array>
			<key>isa</key>
			<string>PBXGroup</string>
			<key>name</key>
			<string>Pods</string>
			<key>sourceTree</key>
			<string>&lt;group&gt;</string>
		</dict>
		<key>6156DE856B78484E8D3F81D5</key>
		<dict>
			<key>buildActionMask</key>
			<string>2147483647</string>
			<key>files</key>
			<array/>
			<key>inputPaths</key>
			<array/>
			<key>isa</key>
			<string>PBXShellScriptBuildPhase</string>
			<key>name</key>
			<string>[CP] Embed Pods Frameworks</string>
			<key>outputPaths</key>
			<array/>
			<key>runOnlyForDeploymentPostprocessing</key>
			<string>0</string>
			<key>shellPath</key>
			<string>/bin/sh</string>
			<key>shellScript</key>
			<string>"${SRCROOT}/Pods/Target Support Files/Pods-lianwangke_swift/Pods-lianwangke_swift-frameworks.sh"
</string>
			<key>showEnvVarsInLog</key>
			<string>0</string>
		</dict>
		<key>79D54E6E9FAE22EB2ADD88BB</key>
		<dict>
			<key>includeInIndex</key>
			<string>1</string>
			<key>isa</key>
			<string>PBXFileReference</string>
			<key>lastKnownFileType</key>
			<string>text.xcconfig</string>
			<key>name</key>
			<string>Pods-lianwangke_swift.release.xcconfig</string>
			<key>path</key>
			<string>Pods/Target Support Files/Pods-lianwangke_swift/Pods-lianwangke_swift.release.xcconfig</string>
			<key>sourceTree</key>
			<string>&lt;group&gt;</string>
		</dict>
		<key>88C3117884F80D26028A1931</key>
		<dict>
			<key>fileRef</key>
			<string>FF37455B341796F9FFAE0426</string>
			<key>isa</key>
			<string>PBXBuildFile</string>
		</dict>
		<key>DF6E07FF74CFA801FB69F558</key>
		<dict>
			<key>buildActionMask</key>
			<string>2147483647</string>
			<key>files</key>
			<array/>
			<key>inputPaths</key>
			<array/>
			<key>isa</key>
			<string>PBXShellScriptBuildPhase</string>
			<key>name</key>
			<string>[CP] Check Pods Manifest.lock</string>
			<key>outputPaths</key>
			<array/>
			<key>runOnlyForDeploymentPostprocessing</key>
			<string>0</string>
			<key>shellPath</key>
			<string>/bin/sh</string>
			<key>shellScript</key>
			<string>diff "${PODS_ROOT}/../Podfile.lock" "${PODS_ROOT}/Manifest.lock" &gt; /dev/null
if [[ $? != 0 ]] ; then
    cat &lt;&lt; EOM
error: The sandbox is not in sync with the Podfile.lock. Run 'pod install' or update your CocoaPods installation.
EOM
    exit 1
fi
</string>
			<key>showEnvVarsInLog</key>
			<string>0</string>
		</dict>
		<key>FF37455B341796F9FFAE0426</key>
		<dict>
			<key>explicitFileType</key>
			<string>wrapper.framework</string>
			<key>includeInIndex</key>
			<string>0</string>
			<key>isa</key>
			<string>PBXFileReference</string>
			<key>path</key>
			<string>Pods_lianwangke_swift.framework</string>
			<key>sourceTree</key>
			<string>BUILT_PRODUCTS_DIR</string>
		</dict>
	</dict>
	<key>rootObject</key>
	<string>3DB2F74B1C3BA49800B62CD6</string>
</dict>
</plist>
